// !$*UTF8*$!
{
	archiveVersion = 1;
	classes = {
	};
	objectVersion = 55;
	objects = {

/* Begin PBXBuildFile section */
		BECA3DAB44B5865B601421AA /* Pods_CustomScrollPaging.framework in Frameworks */ = {isa = PBXBuildFile; fileRef = 9122488A00A2973088A9B4C9 /* Pods_CustomScrollPaging.framework */; };
		E97874C2284C66A400CAB2DA /* AppDelegate.swift in Sources */ = {isa = PBXBuildFile; fileRef = E97874C1284C66A400CAB2DA /* AppDelegate.swift */; };
		E97874C4284C66A400CAB2DA /* SceneDelegate.swift in Sources */ = {isa = PBXBuildFile; fileRef = E97874C3284C66A400CAB2DA /* SceneDelegate.swift */; };
		E97874C6284C66A400CAB2DA /* ViewController.swift in Sources */ = {isa = PBXBuildFile; fileRef = E97874C5284C66A400CAB2DA /* ViewController.swift */; };
		E97874CB284C66A500CAB2DA /* Assets.xcassets in Resources */ = {isa = PBXBuildFile; fileRef = E97874CA284C66A500CAB2DA /* Assets.xcassets */; };
		E97874CE284C66A500CAB2DA /* LaunchScreen.storyboard in Resources */ = {isa = PBXBuildFile; fileRef = E97874CC284C66A500CAB2DA /* LaunchScreen.storyboard */; };
/* End PBXBuildFile section */

/* Begin PBXFileReference section */
		693F32C724F7D9D42C529445 /* Pods-CustomScrollPaging.debug.xcconfig */ = {isa = PBXFileReference; includeInIndex = 1; lastKnownFileType = text.xcconfig; name = "Pods-CustomScrollPaging.debug.xcconfig"; path = "Target Support Files/Pods-CustomScrollPaging/Pods-CustomScrollPaging.debug.xcconfig"; sourceTree = "<group>"; };
		9122488A00A2973088A9B4C9 /* Pods_CustomScrollPaging.framework */ = {isa = PBXFileReference; explicitFileType = wrapper.framework; includeInIndex = 0; path = Pods_CustomScrollPaging.framework; sourceTree = BUILT_PRODUCTS_DIR; };
		C63D5076E407F810294781CF /* Pods-CustomScrollPaging.release.xcconfig */ = {isa = PBXFileReference; includeInIndex = 1; lastKnownFileType = text.xcconfig; name = "Pods-CustomScrollPaging.release.xcconfig"; path = "Target Support Files/Pods-CustomScrollPaging/Pods-CustomScrollPaging.release.xcconfig"; sourceTree = "<group>"; };
		E97874BE284C66A400CAB2DA /* CustomScrollPaging.app */ = {isa = PBXFileReference; explicitFileType = wrapper.application; includeInIndex = 0; path = CustomScrollPaging.app; sourceTree = BUILT_PRODUCTS_DIR; };
		E97874C1284C66A400CAB2DA /* AppDelegate.swift */ = {isa = PBXFileReference; lastKnownFileType = sourcecode.swift; path = AppDelegate.swift; sourceTree = "<group>"; };
		E97874C3284C66A400CAB2DA /* SceneDelegate.swift */ = {isa = PBXFileReference; lastKnownFileType = sourcecode.swift; path = SceneDelegate.swift; sourceTree = "<group>"; };
		E97874C5284C66A400CAB2DA /* ViewController.swift */ = {isa = PBXFileReference; lastKnownFileType = sourcecode.swift; path = ViewController.swift; sourceTree = "<group>"; };
		E97874CA284C66A500CAB2DA /* Assets.xcassets */ = {isa = PBXFileReference; lastKnownFileType = folder.assetcatalog; path = Assets.xcassets; sourceTree = "<group>"; };
		E97874CD284C66A500CAB2DA /* Base */ = {isa = PBXFileReference; lastKnownFileType = file.storyboard; name = Base; path = Base.lproj/LaunchScreen.storyboard; sourceTree = "<group>"; };
		E97874CF284C66A500CAB2DA /* Info.plist */ = {isa = PBXFileReference; lastKnownFileType = text.plist.xml; path = Info.plist; sourceTree = "<group>"; };
/* End PBXFileReference section */

/* Begin PBXFrameworksBuildPhase section */
		E97874BB284C66A400CAB2DA /* Frameworks */ = {
			isa = PBXFrameworksBuildPhase;
			buildActionMask = 2147483647;
			files = (
				BECA3DAB44B5865B601421AA /* Pods_CustomScrollPaging.framework in Frameworks */,
			);
			runOnlyForDeploymentPostprocessing = 0;
		};
/* End PBXFrameworksBuildPhase section */

/* Begin PBXGroup section */
		005BD62A7E72410712D800DB /* Frameworks */ = {
			isa = PBXGroup;
			children = (
				9122488A00A2973088A9B4C9 /* Pods_CustomScrollPaging.framework */,
			);
			name = Frameworks;
			sourceTree = "<group>";
		};
		2B3C26E10FC5F301C049FBE6 /* Pods */ = {
			isa = PBXGroup;
			children = (
				693F32C724F7D9D42C529445 /* Pods-CustomScrollPaging.debug.xcconfig */,
				C63D5076E407F810294781CF /* Pods-CustomScrollPaging.release.xcconfig */,
			);
			name = Pods;
			path = Pods;
			sourceTree = "<group>";
		};
		E97874B5284C66A400CAB2DA = {
			isa = PBXGroup;
			children = (
				E97874C0284C66A400CAB2DA /* CustomScrollPaging */,
				E97874BF284C66A400CAB2DA /* Products */,
				2B3C26E10FC5F301C049FBE6 /* Pods */,
				005BD62A7E72410712D800DB /* Frameworks */,
			);
			sourceTree = "<group>";
		};
		E97874BF284C66A400CAB2DA /* Products */ = {
			isa = PBXGroup;
			children = (
				E97874BE284C66A400CAB2DA /* CustomScrollPaging.app */,
			);
			name = Products;
			sourceTree = "<group>";
		};
		E97874C0284C66A400CAB2DA /* CustomScrollPaging */ = {
			isa = PBXGroup;
			children = (
				E97874D6284C66CC00CAB2DA /* Resources */,
				E97874D5284C66AD00CAB2DA /* Application */,
				E97874C5284C66A400CAB2DA /* ViewController.swift */,
			);
			path = CustomScrollPaging;
			sourceTree = "<group>";
		};
		E97874D5284C66AD00CAB2DA /* Application */ = {
			isa = PBXGroup;
			children = (
				E97874C1284C66A400CAB2DA /* AppDelegate.swift */,
				E97874C3284C66A400CAB2DA /* SceneDelegate.swift */,
			);
			path = Application;
			sourceTree = "<group>";
		};
		E97874D6284C66CC00CAB2DA /* Resources */ = {
			isa = PBXGroup;
			children = (
				E97874CA284C66A500CAB2DA /* Assets.xcassets */,
				E97874CC284C66A500CAB2DA /* LaunchScreen.storyboard */,
				E97874CF284C66A500CAB2DA /* Info.plist */,
			);
			path = Resources;
			sourceTree = "<group>";
		};
/* End PBXGroup section */

/* Begin PBXNativeTarget section */
		E97874BD284C66A400CAB2DA /* CustomScrollPaging */ = {
			isa = PBXNativeTarget;
			buildConfigurationList = E97874D2284C66A500CAB2DA /* Build configuration list for PBXNativeTarget "CustomScrollPaging" */;
			buildPhases = (
				90701DA6CAFA75AB2ADFBF07 /* [CP] Check Pods Manifest.lock */,
				E97874BA284C66A400CAB2DA /* Sources */,
				E97874BB284C66A400CAB2DA /* Frameworks */,
				E97874BC284C66A400CAB2DA /* Resources */,
				1595E07700F15A7B43F76210 /* [CP] Embed Pods Frameworks */,
			);
			buildRules = (
			);
			dependencies = (
			);
			name = CustomScrollPaging;
			productName = CustomScrollPaging;
			productReference = E97874BE284C66A400CAB2DA /* CustomScrollPaging.app */;
			productType = "com.apple.product-type.application";
		};
/* End PBXNativeTarget section */

/* Begin PBXProject section */
		E97874B6284C66A400CAB2DA /* Project object */ = {
			isa = PBXProject;
			attributes = {
				BuildIndependentTargetsInParallel = 1;
				LastSwiftUpdateCheck = 1320;
				LastUpgradeCheck = 1320;
				TargetAttributes = {
					E97874BD284C66A400CAB2DA = {
						CreatedOnToolsVersion = 13.2.1;
					};
				};
			};
			buildConfigurationList = E97874B9284C66A400CAB2DA /* Build configuration list for PBXProject "CustomScrollPaging" */;
			compatibilityVersion = "Xcode 13.0";
			developmentRegion = en;
			hasScannedForEncodings = 0;
			knownRegions = (
				en,
				Base,
			);
			mainGroup = E97874B5284C66A400CAB2DA;
			productRefGroup = E97874BF284C66A400CAB2DA /* Products */;
			projectDirPath = "";
			projectRoot = "";
			targets = (
				E97874BD284C66A400CAB2DA /* CustomScrollPaging */,
			);
		};
/* End PBXProject section */

/* Begin PBXResourcesBuildPhase section */
		E97874BC284C66A400CAB2DA /* Resources */ = {
			isa = PBXResourcesBuildPhase;
			buildActionMask = 2147483647;
			files = (
				E97874CE284C66A500CAB2DA /* LaunchScreen.storyboard in Resources */,
				E97874CB284C66A500CAB2DA /* Assets.xcassets in Resources */,
			);
			runOnlyForDeploymentPostprocessing = 0;
		};
/* End PBXResourcesBuildPhase section */

/* Begin PBXShellScriptBuildPhase section */
		1595E07700F15A7B43F76210 /* [CP] Embed Pods Frameworks */ = {
			isa = PBXShellScriptBuildPhase;
			buildActionMask = 2147483647;
			files = (
			);
			inputFileListPaths = (
				"${PODS_ROOT}/Target Support Files/Pods-CustomScrollPaging/Pods-CustomScrollPaging-frameworks-${CONFIGURATION}-input-files.xcfilelist",
			);
			name = "[CP] Embed Pods Frameworks";
			outputFileListPaths = (
				"${PODS_ROOT}/Target Support Files/Pods-CustomScrollPaging/Pods-CustomScrollPaging-frameworks-${CONFIGURATION}-output-files.xcfilelist",
			);
			runOnlyForDeploymentPostprocessing = 0;
			shellPath = /bin/sh;
			shellScript = "\"${PODS_ROOT}/Target Support Files/Pods-CustomScrollPaging/Pods-CustomScrollPaging-frameworks.sh\"\n";
			showEnvVarsInLog = 0;
		};
		90701DA6CAFA75AB2ADFBF07 /* [CP] Check Pods Manifest.lock */ = {
			isa = PBXShellScriptBuildPhase;
			buildActionMask = 2147483647;
			files = (
			);
			inputFileListPaths = (
			);
			inputPaths = (
				"${PODS_PODFILE_DIR_PATH}/Podfile.lock",
				"${PODS_ROOT}/Manifest.lock",
			);
			name = "[CP] Check Pods Manifest.lock";
			outputFileListPaths = (
			);
			outputPaths = (
				"$(DERIVED_FILE_DIR)/Pods-CustomScrollPaging-checkManifestLockResult.txt",
			);
			runOnlyForDeploymentPostprocessing = 0;
			shellPath = /bin/sh;
			shellScript = "diff \"${PODS_PODFILE_DIR_PATH}/Podfile.lock\" \"${PODS_ROOT}/Manifest.lock\" > /dev/null\nif [ $? != 0 ] ; then\n    # print error to STDERR\n    echo \"error: The sandbox is not in sync with the Podfile.lock. Run 'pod install' or update your CocoaPods installation.\" >&2\n    exit 1\nfi\n# This output is used by Xcode 'outputs' to avoid re-running this script phase.\necho \"SUCCESS\" > \"${SCRIPT_OUTPUT_FILE_0}\"\n";
			showEnvVarsInLog = 0;
		};
/* End PBXShellScriptBuildPhase section */

/* Begin PBXSourcesBuildPhase section */
		E97874BA284C66A400CAB2DA /* Sources */ = {
			isa = PBXSourcesBuildPhase;
			buildActionMask = 2147483647;
			files = (
				E97874C6284C66A400CAB2DA /* ViewController.swift in Sources */,
				E97874C2284C66A400CAB2DA /* AppDelegate.swift in Sources */,
				E97874C4284C66A400CAB2DA /* SceneDelegate.swift in Sources */,
			);
			runOnlyForDeploymentPostprocessing = 0;
		};
/* End PBXSourcesBuildPhase section */

/* Begin PBXVariantGroup section */
		E97874CC284C66A500CAB2DA /* LaunchScreen.storyboard */ = {
			isa = PBXVariantGroup;
			children = (
				E97874CD284C66A500CAB2DA /* Base */,
			);
			name = LaunchScreen.storyboard;
			sourceTree = "<group>";
		};
/* End PBXVariantGroup section */

/* Begin XCBuildConfiguration section */
		E97874D0284C66A500CAB2DA /* Debug */ = {
			isa = XCBuildConfiguration;
			buildSettings = {
				ALWAYS_SEARCH_USER_PATHS = NO;
				CLANG_ANALYZER_NONNULL = YES;
				CLANG_ANALYZER_NUMBER_OBJECT_CONVERSION = YES_AGGRESSIVE;
				CLANG_CXX_LANGUAGE_STANDARD = "gnu++17";
				CLANG_CXX_LIBRARY = "libc++";
				CLANG_ENABLE_MODULES = YES;
				CLANG_ENABLE_OBJC_ARC = YES;
				CLANG_ENABLE_OBJC_WEAK = YES;
				CLANG_WARN_BLOCK_CAPTURE_AUTORELEASING = YES;
				CLANG_WARN_BOOL_CONVERSION = YES;
				CLANG_WARN_COMMA = YES;
				CLANG_WARN_CONSTANT_CONVERSION = YES;
				CLANG_WARN_DEPRECATED_OBJC_IMPLEMENTATIONS = YES;
				CLANG_WARN_DIRECT_OBJC_ISA_USAGE = YES_ERROR;
				CLANG_WARN_DOCUMENTATION_COMMENTS = YES;
				CLANG_WARN_EMPTY_BODY = YES;
				CLANG_WARN_ENUM_CONVERSION = YES;
				CLANG_WARN_INFINITE_RECURSION = YES;
				CLANG_WARN_INT_CONVERSION = YES;
				CLANG_WARN_NON_LITERAL_NULL_CONVERSION = YES;
				CLANG_WARN_OBJC_IMPLICIT_RETAIN_SELF = YES;
				CLANG_WARN_OBJC_LITERAL_CONVERSION = YES;
				CLANG_WARN_OBJC_ROOT_CLASS = YES_ERROR;
				CLANG_WARN_QUOTED_INCLUDE_IN_FRAMEWORK_HEADER = YES;
				CLANG_WARN_RANGE_LOOP_ANALYSIS = YES;
				CLANG_WARN_STRICT_PROTOTYPES = YES;
				CLANG_WARN_SUSPICIOUS_MOVE = YES;
				CLANG_WARN_UNGUARDED_AVAILABILITY = YES_AGGRESSIVE;
				CLANG_WARN_UNREACHABLE_CODE = YES;
				CLANG_WARN__DUPLICATE_METHOD_MATCH = YES;
				COPY_PHASE_STRIP = NO;
				DEBUG_INFORMATION_FORMAT = dwarf;
				ENABLE_STRICT_OBJC_MSGSEND = YES;
				ENABLE_TESTABILITY = YES;
				GCC_C_LANGUAGE_STANDARD = gnu11;
				GCC_DYNAMIC_NO_PIC = NO;
				GCC_NO_COMMON_BLOCKS = YES;
				GCC_OPTIMIZATION_LEVEL = 0;
				GCC_PREPROCESSOR_DEFINITIONS = (
					"DEBUG=1",
					"$(inherited)",
				);
				GCC_WARN_64_TO_32_BIT_CONVERSION = YES;
				GCC_WARN_ABOUT_RETURN_TYPE = YES_ERROR;
				GCC_WARN_UNDECLARED_SELECTOR = YES;
				GCC_WARN_UNINITIALIZED_AUTOS = YES_AGGRESSIVE;
				GCC_WARN_UNUSED_FUNCTION = YES;
				GCC_WARN_UNUSED_VARIABLE = YES;
				IPHONEOS_DEPLOYMENT_TARGET = 15.2;
				MTL_ENABLE_DEBUG_INFO = INCLUDE_SOURCE;
				MTL_FAST_MATH = YES;
				ONLY_ACTIVE_ARCH = YES;
				SDKROOT = iphoneos;
				SWIFT_ACTIVE_COMPILATION_CONDITIONS = DEBUG;
				SWIFT_OPTIMIZATION_LEVEL = "-Onone";
			};
			name = Debug;
		};
		E97874D1284C66A500CAB2DA /* Release */ = {
			isa = XCBuildConfiguration;
			buildSettings = {
				ALWAYS_SEARCH_USER_PATHS = NO;
				CLANG_ANALYZER_NONNULL = YES;
				CLANG_ANALYZER_NUMBER_OBJECT_CONVERSION = YES_AGGRESSIVE;
				CLANG_CXX_LANGUAGE_STANDARD = "gnu++17";
				CLANG_CXX_LIBRARY = "libc++";
				CLANG_ENABLE_MODULES = YES;
				CLANG_ENABLE_OBJC_ARC = YES;
				CLANG_ENABLE_OBJC_WEAK = YES;
				CLANG_WARN_BLOCK_CAPTURE_AUTORELEASING = YES;
				CLANG_WARN_BOOL_CONVERSION = YES;
				CLANG_WARN_COMMA = YES;
				CLANG_WARN_CONSTANT_CONVERSION = YES;
				CLANG_WARN_DEPRECATED_OBJC_IMPLEMENTATIONS = YES;
				CLANG_WARN_DIRECT_OBJC_ISA_USAGE = YES_ERROR;
				CLANG_WARN_DOCUMENTATION_COMMENTS = YES;
				CLANG_WARN_EMPTY_BODY = YES;
				CLANG_WARN_ENUM_CONVERSION = YES;
				CLANG_WARN_INFINITE_RECURSION = YES;
				CLANG_WARN_INT_CONVERSION = YES;
				CLANG_WARN_NON_LITERAL_NULL_CONVERSION = YES;
				CLANG_WARN_OBJC_IMPLICIT_RETAIN_SELF = YES;
				CLANG_WARN_OBJC_LITERAL_CONVERSION = YES;
				CLANG_WARN_OBJC_ROOT_CLASS = YES_ERROR;
				CLANG_WARN_QUOTED_INCLUDE_IN_FRAMEWORK_HEADER = YES;
				CLANG_WARN_RANGE_LOOP_ANALYSIS = YES;
				CLANG_WARN_STRICT_PROTOTYPES = YES;
				CLANG_WARN_SUSPICIOUS_MOVE = YES;
				CLANG_WARN_UNGUARDED_AVAILABILITY = YES_AGGRESSIVE;
				CLANG_WARN_UNREACHABLE_CODE = YES;
				CLANG_WARN__DUPLICATE_METHOD_MATCH = YES;
				COPY_PHASE_STRIP = NO;
				DEBUG_INFORMATION_FORMAT = "dwarf-with-dsym";
				ENABLE_NS_ASSERTIONS = NO;
				ENABLE_STRICT_OBJC_MSGSEND = YES;
				GCC_C_LANGUAGE_STANDARD = gnu11;
				GCC_NO_COMMON_BLOCKS = YES;
				GCC_WARN_64_TO_32_BIT_CONVERSION = YES;
				GCC_WARN_ABOUT_RETURN_TYPE = YES_ERROR;
				GCC_WARN_UNDECLARED_SELECTOR = YES;
				GCC_WARN_UNINITIALIZED_AUTOS = YES_AGGRESSIVE;
				GCC_WARN_UNUSED_FUNCTION = YES;
				GCC_WARN_UNUSED_VARIABLE = YES;
				IPHONEOS_DEPLOYMENT_TARGET = 15.2;
				MTL_ENABLE_DEBUG_INFO = NO;
				MTL_FAST_MATH = YES;
				SDKROOT = iphoneos;
				SWIFT_COMPILATION_MODE = wholemodule;
				SWIFT_OPTIMIZATION_LEVEL = "-O";
				VALIDATE_PRODUCT = YES;
			};
			name = Release;
		};
		E97874D3284C66A500CAB2DA /* Debug */ = {
			isa = XCBuildConfiguration;
			baseConfigurationReference = 693F32C724F7D9D42C529445 /* Pods-CustomScrollPaging.debug.xcconfig */;
			buildSettings = {
				ASSETCATALOG_COMPILER_APPICON_NAME = AppIcon;
				ASSETCATALOG_COMPILER_GLOBAL_ACCENT_COLOR_NAME = AccentColor;
				CODE_SIGN_STYLE = Automatic;
				CURRENT_PROJECT_VERSION = 1;
				DEVELOPMENT_TEAM = DRL89Y339X;
				GENERATE_INFOPLIST_FILE = YES;
				INFOPLIST_FILE = CustomScrollPaging/Resources/Info.plist;
				INFOPLIST_KEY_UIApplicationSupportsIndirectInputEvents = YES;
				INFOPLIST_KEY_UILaunchStoryboardName = LaunchScreen;
				INFOPLIST_KEY_UISupportedInterfaceOrientations_iPad = "UIInterfaceOrientationPortrait UIInterfaceOrientationPortraitUpsideDown UIInterfaceOrientationLandscapeLeft UIInterfaceOrientationLandscapeRight";
				INFOPLIST_KEY_UISupportedInterfaceOrientations_iPhone = "UIInterfaceOrientationPortrait UIInterfaceOrientationLandscapeLeft UIInterfaceOrientationLandscapeRight";
				LD_RUNPATH_SEARCH_PATHS = (
					"$(inherited)",
					"@executable_path/Frameworks",
				);
				MARKETING_VERSION = 1.0;
				PRODUCT_BUNDLE_IDENTIFIER = com.swpark.CustomScrollPaging;
				PRODUCT_NAME = "$(TARGET_NAME)";
				SWIFT_EMIT_LOC_STRINGS = YES;
				SWIFT_VERSION = 5.0;
				TARGETED_DEVICE_FAMILY = "1,2";
			};
			name = Debug;
		};
		E97874D4284C66A500CAB2DA /* Release */ = {
			isa = XCBuildConfiguration;
			baseConfigurationReference = C63D5076E407F810294781CF /* Pods-CustomScrollPaging.release.xcconfig */;
			buildSettings = {
				ASSETCATALOG_COMPILER_APPICON_NAME = AppIcon;
				ASSETCATALOG_COMPILER_GLOBAL_ACCENT_COLOR_NAME = AccentColor;
				CODE_SIGN_STYLE = Automatic;
				CURRENT_PROJECT_VERSION = 1;
				DEVELOPMENT_TEAM = DRL89Y339X;
				GENERATE_INFOPLIST_FILE = YES;
				INFOPLIST_FILE = CustomScrollPaging/Resources/Info.plist;
				INFOPLIST_KEY_UIApplicationSupportsIndirectInputEvents = YES;
				INFOPLIST_KEY_UILaunchStoryboardName = LaunchScreen;
				INFOPLIST_KEY_UISupportedInterfaceOrientations_iPad = "UIInterfaceOrientationPortrait UIInterfaceOrientationPortraitUpsideDown UIInterfaceOrientationLandscapeLeft UIInterfaceOrientationLandscapeRight";
				INFOPLIST_KEY_UISupportedInterfaceOrientations_iPhone = "UIInterfaceOrientationPortrait UIInterfaceOrientationLandscapeLeft UIInterfaceOrientationLandscapeRight";
				LD_RUNPATH_SEARCH_PATHS = (
					"$(inherited)",
					"@executable_path/Frameworks",
				);
				MARKETING_VERSION = 1.0;
				PRODUCT_BUNDLE_IDENTIFIER = com.swpark.CustomScrollPaging;
				PRODUCT_NAME = "$(TARGET_NAME)";
				SWIFT_EMIT_LOC_STRINGS = YES;
				SWIFT_VERSION = 5.0;
				TARGETED_DEVICE_FAMILY = "1,2";
			};
			name = Release;
		};
/* End XCBuildConfiguration section */

/* Begin XCConfigurationList section */
		E97874B9284C66A400CAB2DA /* Build configuration list for PBXProject "CustomScrollPaging" */ = {
			isa = XCConfigurationList;
			buildConfigurations = (
				E97874D0284C66A500CAB2DA /* Debug */,
				E97874D1284C66A500CAB2DA /* Release */,
			);
			defaultConfigurationIsVisible = 0;
			defaultConfigurationName = Release;
		};
		E97874D2284C66A500CAB2DA /* Build configuration list for PBXNativeTarget "CustomScrollPaging" */ = {
			isa = XCConfigurationList;
			buildConfigurations = (
				E97874D3284C66A500CAB2DA /* Debug */,
				E97874D4284C66A500CAB2DA /* Release */,
			);
			defaultConfigurationIsVisible = 0;
			defaultConfigurationName = Release;
		};
/* End XCConfigurationList section */
	};
	rootObject = E97874B6284C66A400CAB2DA /* Project object */;
}
